
Microsoft Visual Studio Solution File, Format Version 12.00
# Visual Studio 2013
VisualStudioVersion = 12.0.31101.0
MinimumVisualStudioVersion = 10.0.40219.1
Project("{FAE04EC0-301F-11D3-BF4B-00C04F79EFBC}") = "PetitsChevaux", "WebSocketsTest\PetitsChevaux.csproj", "{13184940-A188-4194-BFE3-0905B5A4A2CB}"
EndProject
Project("{E24C65DC-7377-472B-9ABA-BC803B73C61A}") = "Web", "http://localhost:50257", "{F5F1FE51-90E4-46B5-95A2-801FB5B9C759}"
	ProjectSection(WebsiteProperties) = preProject
		UseIISExpress = "true"
		TargetFrameworkMoniker = ".NETFramework,Version%3Dv4.5"
		Debug.AspNetCompiler.VirtualPath = "/localhost_50257"
		Debug.AspNetCompiler.PhysicalPath = "Web\"
		Debug.AspNetCompiler.TargetPath = "PrecompiledWeb\localhost_50257\"
		Debug.AspNetCompiler.Updateable = "true"
		Debug.AspNetCompiler.ForceOverwrite = "true"
		Debug.AspNetCompiler.FixedNames = "false"
		Debug.AspNetCompiler.Debug = "True"
		Release.AspNetCompiler.VirtualPath = "/localhost_50257"
		Release.AspNetCompiler.PhysicalPath = "Web\"
		Release.AspNetCompiler.TargetPath = "PrecompiledWeb\localhost_50257\"
		Release.AspNetCompiler.Updateable = "true"
		Release.AspNetCompiler.ForceOverwrite = "true"
		Release.AspNetCompiler.FixedNames = "false"
		Release.AspNetCompiler.Debug = "False"
		SlnRelativePath = "Web\"
	EndProjectSection
EndProject
Global
	GlobalSection(SolutionConfigurationPlatforms) = preSolution
		Debug|Any CPU = Debug|Any CPU
		Release|Any CPU = Release|Any CPU
	EndGlobalSection
	GlobalSection(ProjectConfigurationPlatforms) = postSolution
		{13184940-A188-4194-BFE3-0905B5A4A2CB}.Debug|Any CPU.ActiveCfg = Debug|Any CPU
		{13184940-A188-4194-BFE3-0905B5A4A2CB}.Debug|Any CPU.Build.0 = Debug|Any CPU
		{13184940-A188-4194-BFE3-0905B5A4A2CB}.Release|Any CPU.ActiveCfg = Release|Any CPU
		{13184940-A188-4194-BFE3-0905B5A4A2CB}.Release|Any CPU.Build.0 = Release|Any CPU
		{F5F1FE51-90E4-46B5-95A2-801FB5B9C759}.Debug|Any CPU.ActiveCfg = Debug|Any CPU
		{F5F1FE51-90E4-46B5-95A2-801FB5B9C759}.Debug|Any CPU.Build.0 = Debug|Any CPU
		{F5F1FE51-90E4-46B5-95A2-801FB5B9C759}.Release|Any CPU.ActiveCfg = Debug|Any CPU
		{F5F1FE51-90E4-46B5-95A2-801FB5B9C759}.Release|Any CPU.Build.0 = Debug|Any CPU
	EndGlobalSection
	GlobalSection(SolutionProperties) = preSolution
		HideSolutionNode = FALSE
	EndGlobalSection
EndGlobal
